
Microsoft Visual Studio Solution File, Format Version 12.00
# Visual Studio Version 17
VisualStudioVersion = 17.8.34511.84
MinimumVisualStudioVersion = 10.0.40219.1
Project("{9A19103F-16F7-4668-BE54-9A1E7A4F7556}") = "CoWorkingApp.API", "CoWorkingApp.API.csproj", "{61698C6B-5D9B-4E5D-8908-B270C4B9A5E7}"
EndProject
Project("{9A19103F-16F7-4668-BE54-9A1E7A4F7556}") = "CoWorkingApp.Core", "..\CoWorkingApp.Core\CoWorkingApp.Core.csproj", "{888D0078-823E-4CAB-A131-29E7C66BD027}"
EndProject
#Project("{9A19103F-16F7-4668-BE54-9A1E7A4F7556}") = "CoWorkingApp.Tests", "..\CoWorkingApp.Tests\CoWorkingApp.Tests.csproj", "{33FFF97C-339A-4E84-B41D-C701E71088E8}"
#EndProject
Project("{9A19103F-16F7-4668-BE54-9A1E7A4F7556}") = "CoWorkingApp.Application", "..\CoWorkingApp.Application\CoWorkingApp.Application.csproj", "{49A992A3-298A-4CD1-8264-6A52A52EFF75}"
EndProject
Project("{FAE04EC0-301F-11D3-BF4B-00C04F79EFBC}") = "CoWorkingApp.Infrastructure", "..\CoWorkingApp.Infrastructure\CoWorkingApp.Infrastructure.csproj", "{251960FF-5F1D-466A-B261-372D0A033B2D}"
EndProject
Project("{FAE04EC0-301F-11D3-BF4B-00C04F79EFBC}") = "CoWorkingApp.Persistence", "..\CoWorkingApp.Persistence\CoWorkingApp.Persistence.csproj", "{AA58D4BD-225C-4B98-BB22-7C9FB632C9DF}"
EndProject
Project("{FAE04EC0-301F-11D3-BF4B-00C04F79EFBC}") = "CoWorkingApp.Presentation", "..\CoWorkingApp.Presentation\CoWorkingApp.Presentation.csproj", "{17328550-1896-45F2-9963-A09068B13570}"
EndProject
Global
	GlobalSection(SolutionConfigurationPlatforms) = preSolution
		Debug|Any CPU = Debug|Any CPU
		Release|Any CPU = Release|Any CPU
	EndGlobalSection
	GlobalSection(ProjectConfigurationPlatforms) = postSolution
		{61698C6B-5D9B-4E5D-8908-B270C4B9A5E7}.Debug|Any CPU.ActiveCfg = Debug|Any CPU
		{61698C6B-5D9B-4E5D-8908-B270C4B9A5E7}.Debug|Any CPU.Build.0 = Debug|Any CPU
		{61698C6B-5D9B-4E5D-8908-B270C4B9A5E7}.Release|Any CPU.ActiveCfg = Release|Any CPU
		{61698C6B-5D9B-4E5D-8908-B270C4B9A5E7}.Release|Any CPU.Build.0 = Release|Any CPU
		{888D0078-823E-4CAB-A131-29E7C66BD027}.Debug|Any CPU.ActiveCfg = Debug|Any CPU
		{888D0078-823E-4CAB-A131-29E7C66BD027}.Debug|Any CPU.Build.0 = Debug|Any CPU
		{888D0078-823E-4CAB-A131-29E7C66BD027}.Release|Any CPU.ActiveCfg = Release|Any CPU
		{888D0078-823E-4CAB-A131-29E7C66BD027}.Release|Any CPU.Build.0 = Release|Any CPU
		{33FFF97C-339A-4E84-B41D-C701E71088E8}.Debug|Any CPU.ActiveCfg = Debug|Any CPU
		{33FFF97C-339A-4E84-B41D-C701E71088E8}.Debug|Any CPU.Build.0 = Debug|Any CPU
		{33FFF97C-339A-4E84-B41D-C701E71088E8}.Release|Any CPU.ActiveCfg = Release|Any CPU
		{33FFF97C-339A-4E84-B41D-C701E71088E8}.Release|Any CPU.Build.0 = Release|Any CPU
		{49A992A3-298A-4CD1-8264-6A52A52EFF75}.Debug|Any CPU.ActiveCfg = Debug|Any CPU
		{49A992A3-298A-4CD1-8264-6A52A52EFF75}.Debug|Any CPU.Build.0 = Debug|Any CPU
		{49A992A3-298A-4CD1-8264-6A52A52EFF75}.Release|Any CPU.ActiveCfg = Release|Any CPU
		{49A992A3-298A-4CD1-8264-6A52A52EFF75}.Release|Any CPU.Build.0 = Release|Any CPU
		{251960FF-5F1D-466A-B261-372D0A033B2D}.Debug|Any CPU.ActiveCfg = Debug|Any CPU
		{251960FF-5F1D-466A-B261-372D0A033B2D}.Debug|Any CPU.Build.0 = Debug|Any CPU
		{251960FF-5F1D-466A-B261-372D0A033B2D}.Release|Any CPU.ActiveCfg = Release|Any CPU
		{251960FF-5F1D-466A-B261-372D0A033B2D}.Release|Any CPU.Build.0 = Release|Any CPU
		{AA58D4BD-225C-4B98-BB22-7C9FB632C9DF}.Debug|Any CPU.ActiveCfg = Debug|Any CPU
		{AA58D4BD-225C-4B98-BB22-7C9FB632C9DF}.Debug|Any CPU.Build.0 = Debug|Any CPU
		{AA58D4BD-225C-4B98-BB22-7C9FB632C9DF}.Release|Any CPU.ActiveCfg = Release|Any CPU
		{AA58D4BD-225C-4B98-BB22-7C9FB632C9DF}.Release|Any CPU.Build.0 = Release|Any CPU
		{17328550-1896-45F2-9963-A09068B13570}.Debug|Any CPU.ActiveCfg = Debug|Any CPU
		{17328550-1896-45F2-9963-A09068B13570}.Debug|Any CPU.Build.0 = Debug|Any CPU
		{17328550-1896-45F2-9963-A09068B13570}.Release|Any CPU.ActiveCfg = Release|Any CPU
		{17328550-1896-45F2-9963-A09068B13570}.Release|Any CPU.Build.0 = Release|Any CPU
	EndGlobalSection
	GlobalSection(SolutionProperties) = preSolution
		HideSolutionNode = FALSE
	EndGlobalSection
	GlobalSection(ExtensibilityGlobals) = postSolution
		SolutionGuid = {32CD372D-7972-4265-842F-EB1BBFE4BEA1}
	EndGlobalSection
EndGlobal
